
Microsoft Visual Studio Solution File, Format Version 12.00
# Visual Studio Version 16
VisualStudioVersion = 16.0.29519.87
MinimumVisualStudioVersion = 10.0.40219.1
Project("{FAE04EC0-301F-11D3-BF4B-00C04F79EFBC}") = "army", "army\army.csproj", "{8B515975-5F35-468D-B98B-D90ABBB02B7A}"
EndProject
Global
	GlobalSection(SolutionConfigurationPlatforms) = preSolution
		Debug|Any CPU = Debug|Any CPU
		Release|Any CPU = Release|Any CPU
	EndGlobalSection
	GlobalSection(ProjectConfigurationPlatforms) = postSolution
		{8B515975-5F35-468D-B98B-D90ABBB02B7A}.Debug|Any CPU.ActiveCfg = Debug|Any CPU
		{8B515975-5F35-468D-B98B-D90ABBB02B7A}.Debug|Any CPU.Build.0 = Debug|Any CPU
		{8B515975-5F35-468D-B98B-D90ABBB02B7A}.Release|Any CPU.ActiveCfg = Release|Any CPU
		{8B515975-5F35-468D-B98B-D90ABBB02B7A}.Release|Any CPU.Build.0 = Release|Any CPU
	EndGlobalSection
	GlobalSection(SolutionProperties) = preSolution
		HideSolutionNode = FALSE
	EndGlobalSection
	GlobalSection(ExtensibilityGlobals) = postSolution
		SolutionGuid = {33EBEC0F-1420-462D-B89C-9231CC14EF37}
	EndGlobalSection
EndGlobal
